
Microsoft Visual Studio Solution File, Format Version 12.00
# Visual Studio Version 17
VisualStudioVersion = 17.5.002.0
MinimumVisualStudioVersion = 10.0.40219.1
Project("{9A19103F-16F7-4668-BE54-9A1E7A4F7556}") = "RetailBrandAgent", "RetailBrandAgent.csproj", "{35582956-783D-4CDC-98DA-0B22D61D0884}"
EndProject
Global
	GlobalSection(SolutionConfigurationPlatforms) = preSolution
		Debug|Any CPU = Debug|Any CPU
		Release|Any CPU = Release|Any CPU
	EndGlobalSection
	GlobalSection(ProjectConfigurationPlatforms) = postSolution
		{35582956-783D-4CDC-98DA-0B22D61D0884}.Debug|Any CPU.ActiveCfg = Debug|Any CPU
		{35582956-783D-4CDC-98DA-0B22D61D0884}.Debug|Any CPU.Build.0 = Debug|Any CPU
		{35582956-783D-4CDC-98DA-0B22D61D0884}.Release|Any CPU.ActiveCfg = Release|Any CPU
		{35582956-783D-4CDC-98DA-0B22D61D0884}.Release|Any CPU.Build.0 = Release|Any CPU
	EndGlobalSection
	GlobalSection(SolutionProperties) = preSolution
		HideSolutionNode = FALSE
	EndGlobalSection
	GlobalSection(ExtensibilityGlobals) = postSolution
		SolutionGuid = {09CD1208-56AE-4EC2-8735-79AC93E182C8}
	EndGlobalSection
EndGlobal
